
Microsoft Visual Studio Solution File, Format Version 12.00
# Visual Studio Version 16
VisualStudioVersion = 16.0.29503.13
MinimumVisualStudioVersion = 10.0.40219.1
Project("{FAE04EC0-301F-11D3-BF4B-00C04F79EFBC}") = "Wifi.PersonenVerwaltung", "Wifi.PersonenVerwaltung.csproj", "{FD65325D-4B1F-4D3A-A77B-D0E7D815B742}"
EndProject
Project("{FAE04EC0-301F-11D3-BF4B-00C04F79EFBC}") = "Wifi.Data.PersVer", "..\Wifi.Data.PersVer\Wifi.Data.PersVer.csproj", "{3FF2F545-5118-473D-A59F-C149DA0BD250}"
EndProject
Global
	GlobalSection(SolutionConfigurationPlatforms) = preSolution
		Debug|Any CPU = Debug|Any CPU
		Release|Any CPU = Release|Any CPU
	EndGlobalSection
	GlobalSection(ProjectConfigurationPlatforms) = postSolution
		{FD65325D-4B1F-4D3A-A77B-D0E7D815B742}.Debug|Any CPU.ActiveCfg = Debug|Any CPU
		{FD65325D-4B1F-4D3A-A77B-D0E7D815B742}.Debug|Any CPU.Build.0 = Debug|Any CPU
		{FD65325D-4B1F-4D3A-A77B-D0E7D815B742}.Release|Any CPU.ActiveCfg = Release|Any CPU
		{FD65325D-4B1F-4D3A-A77B-D0E7D815B742}.Release|Any CPU.Build.0 = Release|Any CPU
		{3FF2F545-5118-473D-A59F-C149DA0BD250}.Debug|Any CPU.ActiveCfg = Debug|Any CPU
		{3FF2F545-5118-473D-A59F-C149DA0BD250}.Debug|Any CPU.Build.0 = Debug|Any CPU
		{3FF2F545-5118-473D-A59F-C149DA0BD250}.Release|Any CPU.ActiveCfg = Release|Any CPU
		{3FF2F545-5118-473D-A59F-C149DA0BD250}.Release|Any CPU.Build.0 = Release|Any CPU
	EndGlobalSection
	GlobalSection(SolutionProperties) = preSolution
		HideSolutionNode = FALSE
	EndGlobalSection
	GlobalSection(ExtensibilityGlobals) = postSolution
		SolutionGuid = {36C224B8-CC64-4263-979F-57357DDBB879}
	EndGlobalSection
EndGlobal
